// !$*UTF8*$!
{
	archiveVersion = 1;
	classes = {
	};
	objectVersion = 56;
	objects = {

/* Begin PBXBuildFile section */
		C0D110152C8813F40054FDC6 /* SwiftUIFundamentalProjectApp.swift in Sources */ = {isa = PBXBuildFile; fileRef = C0D110142C8813F40054FDC6 /* SwiftUIFundamentalProjectApp.swift */; };
		C0D110172C8813F40054FDC6 /* ContentView.swift in Sources */ = {isa = PBXBuildFile; fileRef = C0D110162C8813F40054FDC6 /* ContentView.swift */; };
		C0D110192C8813F50054FDC6 /* Assets.xcassets in Resources */ = {isa = PBXBuildFile; fileRef = C0D110182C8813F50054FDC6 /* Assets.xcassets */; };
		C0D1101C2C8813F50054FDC6 /* Preview Assets.xcassets in Resources */ = {isa = PBXBuildFile; fileRef = C0D1101B2C8813F50054FDC6 /* Preview Assets.xcassets */; };
		C0D110252C8893F90054FDC6 /* Symbols.swift in Sources */ = {isa = PBXBuildFile; fileRef = C0D110242C8893F90054FDC6 /* Symbols.swift */; };
		C0D110272C8897040054FDC6 /* Theme.swift in Sources */ = {isa = PBXBuildFile; fileRef = C0D110262C8897040054FDC6 /* Theme.swift */; };
/* End PBXBuildFile section */

/* Begin PBXFileReference section */
		C0D110112C8813F40054FDC6 /* SwiftUIFundamentalProject.app */ = {isa = PBXFileReference; explicitFileType = wrapper.application; includeInIndex = 0; path = SwiftUIFundamentalProject.app; sourceTree = BUILT_PRODUCTS_DIR; };
		C0D110142C8813F40054FDC6 /* SwiftUIFundamentalProjectApp.swift */ = {isa = PBXFileReference; lastKnownFileType = sourcecode.swift; path = SwiftUIFundamentalProjectApp.swift; sourceTree = "<group>"; };
		C0D110162C8813F40054FDC6 /* ContentView.swift */ = {isa = PBXFileReference; lastKnownFileType = sourcecode.swift; path = ContentView.swift; sourceTree = "<group>"; };
		C0D110182C8813F50054FDC6 /* Assets.xcassets */ = {isa = PBXFileReference; lastKnownFileType = folder.assetcatalog; path = Assets.xcassets; sourceTree = "<group>"; };
		C0D1101B2C8813F50054FDC6 /* Preview Assets.xcassets */ = {isa = PBXFileReference; lastKnownFileType = folder.assetcatalog; path = "Preview Assets.xcassets"; sourceTree = "<group>"; };
		C0D110242C8893F90054FDC6 /* Symbols.swift */ = {isa = PBXFileReference; lastKnownFileType = sourcecode.swift; path = Symbols.swift; sourceTree = "<group>"; };
		C0D110262C8897040054FDC6 /* Theme.swift */ = {isa = PBXFileReference; lastKnownFileType = sourcecode.swift; path = Theme.swift; sourceTree = "<group>"; };
/* End PBXFileReference section */

/* Begin PBXFrameworksBuildPhase section */
		C0D1100E2C8813F40054FDC6 /* Frameworks */ = {
			isa = PBXFrameworksBuildPhase;
			buildActionMask = 2147483647;
			files = (
			);
			runOnlyForDeploymentPostprocessing = 0;
		};
/* End PBXFrameworksBuildPhase section */

/* Begin PBXGroup section */
		C0D110082C8813F40054FDC6 = {
			isa = PBXGroup;
			children = (
				C0D110132C8813F40054FDC6 /* SwiftUIFundamentalProject */,
				C0D110122C8813F40054FDC6 /* Products */,
			);
			sourceTree = "<group>";
		};
		C0D110122C8813F40054FDC6 /* Products */ = {
			isa = PBXGroup;
			children = (
				C0D110112C8813F40054FDC6 /* SwiftUIFundamentalProject.app */,
			);
			name = Products;
			sourceTree = "<group>";
		};
		C0D110132C8813F40054FDC6 /* SwiftUIFundamentalProject */ = {
			isa = PBXGroup;
			children = (
				C0D110292C8898CD0054FDC6 /* Features */,
				C0D110282C8898C40054FDC6 /* Base */,
				C0D110232C8893B70054FDC6 /* Resources */,
				C0D110142C8813F40054FDC6 /* SwiftUIFundamentalProjectApp.swift */,
				C0D110162C8813F40054FDC6 /* ContentView.swift */,
				C0D110182C8813F50054FDC6 /* Assets.xcassets */,
				C0D1101A2C8813F50054FDC6 /* Preview Content */,
			);
			path = SwiftUIFundamentalProject;
			sourceTree = "<group>";
		};
		C0D1101A2C8813F50054FDC6 /* Preview Content */ = {
			isa = PBXGroup;
			children = (
				C0D1101B2C8813F50054FDC6 /* Preview Assets.xcassets */,
			);
			path = "Preview Content";
			sourceTree = "<group>";
		};
		C0D110232C8893B70054FDC6 /* Resources */ = {
			isa = PBXGroup;
			children = (
				C0D110242C8893F90054FDC6 /* Symbols.swift */,
				C0D110262C8897040054FDC6 /* Theme.swift */,
			);
			path = Resources;
			sourceTree = "<group>";
		};
		C0D110282C8898C40054FDC6 /* Base */ = {
			isa = PBXGroup;
			children = (
			);
			path = Base;
			sourceTree = "<group>";
		};
		C0D110292C8898CD0054FDC6 /* Features */ = {
			isa = PBXGroup;
			children = (
				C0D1102D2C88997F0054FDC6 /* Settings */,
				C0D1102C2C88996E0054FDC6 /* Create */,
				C0D1102B2C8899660054FDC6 /* Detail */,
				C0D1102A2C8898D30054FDC6 /* People */,
			);
			path = Features;
			sourceTree = "<group>";
		};
		C0D1102A2C8898D30054FDC6 /* People */ = {
			isa = PBXGroup;
			children = (
				C0D110302C8899900054FDC6 /* View Models */,
				C0D1102F2C88998D0054FDC6 /* Model */,
				C0D1102E2C8899860054FDC6 /* View */,
			);
			path = People;
			sourceTree = "<group>";
		};
		C0D1102B2C8899660054FDC6 /* Detail */ = {
			isa = PBXGroup;
			children = (
				C0D110332C8899A10054FDC6 /* View Models */,
				C0D110322C88999C0054FDC6 /* Model */,
				C0D110312C8899980054FDC6 /* View */,
			);
			path = Detail;
			sourceTree = "<group>";
		};
		C0D1102C2C88996E0054FDC6 /* Create */ = {
			isa = PBXGroup;
			children = (
				C0D110362C8899B00054FDC6 /* View Models */,
				C0D110352C8899AC0054FDC6 /* Model */,
				C0D110342C8899A70054FDC6 /* View */,
			);
			path = Create;
			sourceTree = "<group>";
		};
		C0D1102D2C88997F0054FDC6 /* Settings */ = {
			isa = PBXGroup;
			children = (
				C0D110372C8899B60054FDC6 /* View */,
			);
			path = Settings;
			sourceTree = "<group>";
		};
		C0D1102E2C8899860054FDC6 /* View */ = {
			isa = PBXGroup;
			children = (
			);
			path = View;
			sourceTree = "<group>";
		};
		C0D1102F2C88998D0054FDC6 /* Model */ = {
			isa = PBXGroup;
			children = (
			);
			path = Model;
			sourceTree = "<group>";
		};
		C0D110302C8899900054FDC6 /* View Models */ = {
			isa = PBXGroup;
			children = (
			);
			path = "View Models";
			sourceTree = "<group>";
		};
		C0D110312C8899980054FDC6 /* View */ = {
			isa = PBXGroup;
			children = (
			);
			path = View;
			sourceTree = "<group>";
		};
		C0D110322C88999C0054FDC6 /* Model */ = {
			isa = PBXGroup;
			children = (
			);
			path = Model;
			sourceTree = "<group>";
		};
		C0D110332C8899A10054FDC6 /* View Models */ = {
			isa = PBXGroup;
			children = (
			);
			path = "View Models";
			sourceTree = "<group>";
		};
		C0D110342C8899A70054FDC6 /* View */ = {
			isa = PBXGroup;
			children = (
			);
			path = View;
			sourceTree = "<group>";
		};
		C0D110352C8899AC0054FDC6 /* Model */ = {
			isa = PBXGroup;
			children = (
			);
			path = Model;
			sourceTree = "<group>";
		};
		C0D110362C8899B00054FDC6 /* View Models */ = {
			isa = PBXGroup;
			children = (
			);
			path = "View Models";
			sourceTree = "<group>";
		};
		C0D110372C8899B60054FDC6 /* View */ = {
			isa = PBXGroup;
			children = (
			);
			path = View;
			sourceTree = "<group>";
		};
/* End PBXGroup section */

/* Begin PBXNativeTarget section */
		C0D110102C8813F40054FDC6 /* SwiftUIFundamentalProject */ = {
			isa = PBXNativeTarget;
			buildConfigurationList = C0D1101F2C8813F50054FDC6 /* Build configuration list for PBXNativeTarget "SwiftUIFundamentalProject" */;
			buildPhases = (
				C0D1100D2C8813F40054FDC6 /* Sources */,
				C0D1100E2C8813F40054FDC6 /* Frameworks */,
				C0D1100F2C8813F40054FDC6 /* Resources */,
			);
			buildRules = (
			);
			dependencies = (
			);
			name = SwiftUIFundamentalProject;
			productName = SwiftUIFundamentalProject;
			productReference = C0D110112C8813F40054FDC6 /* SwiftUIFundamentalProject.app */;
			productType = "com.apple.product-type.application";
		};
/* End PBXNativeTarget section */

/* Begin PBXProject section */
		C0D110092C8813F40054FDC6 /* Project object */ = {
			isa = PBXProject;
			attributes = {
				BuildIndependentTargetsInParallel = 1;
				LastSwiftUpdateCheck = 1540;
				LastUpgradeCheck = 1540;
				TargetAttributes = {
					C0D110102C8813F40054FDC6 = {
						CreatedOnToolsVersion = 15.4;
					};
				};
			};
			buildConfigurationList = C0D1100C2C8813F40054FDC6 /* Build configuration list for PBXProject "SwiftUIFundamentalProject" */;
			compatibilityVersion = "Xcode 14.0";
			developmentRegion = en;
			hasScannedForEncodings = 0;
			knownRegions = (
				en,
				Base,
			);
			mainGroup = C0D110082C8813F40054FDC6;
			productRefGroup = C0D110122C8813F40054FDC6 /* Products */;
			projectDirPath = "";
			projectRoot = "";
			targets = (
				C0D110102C8813F40054FDC6 /* SwiftUIFundamentalProject */,
			);
		};
/* End PBXProject section */

/* Begin PBXResourcesBuildPhase section */
		C0D1100F2C8813F40054FDC6 /* Resources */ = {
			isa = PBXResourcesBuildPhase;
			buildActionMask = 2147483647;
			files = (
				C0D1101C2C8813F50054FDC6 /* Preview Assets.xcassets in Resources */,
				C0D110192C8813F50054FDC6 /* Assets.xcassets in Resources */,
			);
			runOnlyForDeploymentPostprocessing = 0;
		};
/* End PBXResourcesBuildPhase section */

/* Begin PBXSourcesBuildPhase section */
		C0D1100D2C8813F40054FDC6 /* Sources */ = {
			isa = PBXSourcesBuildPhase;
			buildActionMask = 2147483647;
			files = (
				C0D110252C8893F90054FDC6 /* Symbols.swift in Sources */,
				C0D110272C8897040054FDC6 /* Theme.swift in Sources */,
				C0D110172C8813F40054FDC6 /* ContentView.swift in Sources */,
				C0D110152C8813F40054FDC6 /* SwiftUIFundamentalProjectApp.swift in Sources */,
			);
			runOnlyForDeploymentPostprocessing = 0;
		};
/* End PBXSourcesBuildPhase section */

/* Begin XCBuildConfiguration section */
		C0D1101D2C8813F50054FDC6 /* Debug */ = {
			isa = XCBuildConfiguration;
			buildSettings = {
				ALWAYS_SEARCH_USER_PATHS = NO;
				ASSETCATALOG_COMPILER_GENERATE_SWIFT_ASSET_SYMBOL_EXTENSIONS = YES;
				CLANG_ANALYZER_NONNULL = YES;
				CLANG_ANALYZER_NUMBER_OBJECT_CONVERSION = YES_AGGRESSIVE;
				CLANG_CXX_LANGUAGE_STANDARD = "gnu++20";
				CLANG_ENABLE_MODULES = YES;
				CLANG_ENABLE_OBJC_ARC = YES;
				CLANG_ENABLE_OBJC_WEAK = YES;
				CLANG_WARN_BLOCK_CAPTURE_AUTORELEASING = YES;
				CLANG_WARN_BOOL_CONVERSION = YES;
				CLANG_WARN_COMMA = YES;
				CLANG_WARN_CONSTANT_CONVERSION = YES;
				CLANG_WARN_DEPRECATED_OBJC_IMPLEMENTATIONS = YES;
				CLANG_WARN_DIRECT_OBJC_ISA_USAGE = YES_ERROR;
				CLANG_WARN_DOCUMENTATION_COMMENTS = YES;
				CLANG_WARN_EMPTY_BODY = YES;
				CLANG_WARN_ENUM_CONVERSION = YES;
				CLANG_WARN_INFINITE_RECURSION = YES;
				CLANG_WARN_INT_CONVERSION = YES;
				CLANG_WARN_NON_LITERAL_NULL_CONVERSION = YES;
				CLANG_WARN_OBJC_IMPLICIT_RETAIN_SELF = YES;
				CLANG_WARN_OBJC_LITERAL_CONVERSION = YES;
				CLANG_WARN_OBJC_ROOT_CLASS = YES_ERROR;
				CLANG_WARN_QUOTED_INCLUDE_IN_FRAMEWORK_HEADER = YES;
				CLANG_WARN_RANGE_LOOP_ANALYSIS = YES;
				CLANG_WARN_STRICT_PROTOTYPES = YES;
				CLANG_WARN_SUSPICIOUS_MOVE = YES;
				CLANG_WARN_UNGUARDED_AVAILABILITY = YES_AGGRESSIVE;
				CLANG_WARN_UNREACHABLE_CODE = YES;
				CLANG_WARN__DUPLICATE_METHOD_MATCH = YES;
				COPY_PHASE_STRIP = NO;
				DEBUG_INFORMATION_FORMAT = dwarf;
				ENABLE_STRICT_OBJC_MSGSEND = YES;
				ENABLE_TESTABILITY = YES;
				ENABLE_USER_SCRIPT_SANDBOXING = YES;
				GCC_C_LANGUAGE_STANDARD = gnu17;
				GCC_DYNAMIC_NO_PIC = NO;
				GCC_NO_COMMON_BLOCKS = YES;
				GCC_OPTIMIZATION_LEVEL = 0;
				GCC_PREPROCESSOR_DEFINITIONS = (
					"DEBUG=1",
					"$(inherited)",
				);
				GCC_WARN_64_TO_32_BIT_CONVERSION = YES;
				GCC_WARN_ABOUT_RETURN_TYPE = YES_ERROR;
				GCC_WARN_UNDECLARED_SELECTOR = YES;
				GCC_WARN_UNINITIALIZED_AUTOS = YES_AGGRESSIVE;
				GCC_WARN_UNUSED_FUNCTION = YES;
				GCC_WARN_UNUSED_VARIABLE = YES;
				IPHONEOS_DEPLOYMENT_TARGET = 17.5;
				LOCALIZATION_PREFERS_STRING_CATALOGS = YES;
				MTL_ENABLE_DEBUG_INFO = INCLUDE_SOURCE;
				MTL_FAST_MATH = YES;
				ONLY_ACTIVE_ARCH = YES;
				SDKROOT = iphoneos;
				SWIFT_ACTIVE_COMPILATION_CONDITIONS = "DEBUG $(inherited)";
				SWIFT_OPTIMIZATION_LEVEL = "-Onone";
			};
			name = Debug;
		};
		C0D1101E2C8813F50054FDC6 /* Release */ = {
			isa = XCBuildConfiguration;
			buildSettings = {
				ALWAYS_SEARCH_USER_PATHS = NO;
				ASSETCATALOG_COMPILER_GENERATE_SWIFT_ASSET_SYMBOL_EXTENSIONS = YES;
				CLANG_ANALYZER_NONNULL = YES;
				CLANG_ANALYZER_NUMBER_OBJECT_CONVERSION = YES_AGGRESSIVE;
				CLANG_CXX_LANGUAGE_STANDARD = "gnu++20";
				CLANG_ENABLE_MODULES = YES;
				CLANG_ENABLE_OBJC_ARC = YES;
				CLANG_ENABLE_OBJC_WEAK = YES;
				CLANG_WARN_BLOCK_CAPTURE_AUTORELEASING = YES;
				CLANG_WARN_BOOL_CONVERSION = YES;
				CLANG_WARN_COMMA = YES;
				CLANG_WARN_CONSTANT_CONVERSION = YES;
				CLANG_WARN_DEPRECATED_OBJC_IMPLEMENTATIONS = YES;
				CLANG_WARN_DIRECT_OBJC_ISA_USAGE = YES_ERROR;
				CLANG_WARN_DOCUMENTATION_COMMENTS = YES;
				CLANG_WARN_EMPTY_BODY = YES;
				CLANG_WARN_ENUM_CONVERSION = YES;
				CLANG_WARN_INFINITE_RECURSION = YES;
				CLANG_WARN_INT_CONVERSION = YES;
				CLANG_WARN_NON_LITERAL_NULL_CONVERSION = YES;
				CLANG_WARN_OBJC_IMPLICIT_RETAIN_SELF = YES;
				CLANG_WARN_OBJC_LITERAL_CONVERSION = YES;
				CLANG_WARN_OBJC_ROOT_CLASS = YES_ERROR;
				CLANG_WARN_QUOTED_INCLUDE_IN_FRAMEWORK_HEADER = YES;
				CLANG_WARN_RANGE_LOOP_ANALYSIS = YES;
				CLANG_WARN_STRICT_PROTOTYPES = YES;
				CLANG_WARN_SUSPICIOUS_MOVE = YES;
				CLANG_WARN_UNGUARDED_AVAILABILITY = YES_AGGRESSIVE;
				CLANG_WARN_UNREACHABLE_CODE = YES;
				CLANG_WARN__DUPLICATE_METHOD_MATCH = YES;
				COPY_PHASE_STRIP = NO;
				DEBUG_INFORMATION_FORMAT = "dwarf-with-dsym";
				ENABLE_NS_ASSERTIONS = NO;
				ENABLE_STRICT_OBJC_MSGSEND = YES;
				ENABLE_USER_SCRIPT_SANDBOXING = YES;
				GCC_C_LANGUAGE_STANDARD = gnu17;
				GCC_NO_COMMON_BLOCKS = YES;
				GCC_WARN_64_TO_32_BIT_CONVERSION = YES;
				GCC_WARN_ABOUT_RETURN_TYPE = YES_ERROR;
				GCC_WARN_UNDECLARED_SELECTOR = YES;
				GCC_WARN_UNINITIALIZED_AUTOS = YES_AGGRESSIVE;
				GCC_WARN_UNUSED_FUNCTION = YES;
				GCC_WARN_UNUSED_VARIABLE = YES;
				IPHONEOS_DEPLOYMENT_TARGET = 17.5;
				LOCALIZATION_PREFERS_STRING_CATALOGS = YES;
				MTL_ENABLE_DEBUG_INFO = NO;
				MTL_FAST_MATH = YES;
				SDKROOT = iphoneos;
				SWIFT_COMPILATION_MODE = wholemodule;
				VALIDATE_PRODUCT = YES;
			};
			name = Release;
		};
		C0D110202C8813F50054FDC6 /* Debug */ = {
			isa = XCBuildConfiguration;
			buildSettings = {
				ASSETCATALOG_COMPILER_APPICON_NAME = AppIcon;
				ASSETCATALOG_COMPILER_GLOBAL_ACCENT_COLOR_NAME = AccentColor;
				CODE_SIGN_STYLE = Automatic;
				CURRENT_PROJECT_VERSION = 1;
				DEVELOPMENT_ASSET_PATHS = "\"SwiftUIFundamentalProject/Preview Content\"";
				DEVELOPMENT_TEAM = 45C3927649;
				ENABLE_PREVIEWS = YES;
				GENERATE_INFOPLIST_FILE = YES;
				INFOPLIST_KEY_UIApplicationSceneManifest_Generation = YES;
				INFOPLIST_KEY_UIApplicationSupportsIndirectInputEvents = YES;
				INFOPLIST_KEY_UILaunchScreen_Generation = YES;
				INFOPLIST_KEY_UISupportedInterfaceOrientations_iPad = "UIInterfaceOrientationPortrait UIInterfaceOrientationPortraitUpsideDown UIInterfaceOrientationLandscapeLeft UIInterfaceOrientationLandscapeRight";
				INFOPLIST_KEY_UISupportedInterfaceOrientations_iPhone = "UIInterfaceOrientationPortrait UIInterfaceOrientationLandscapeLeft UIInterfaceOrientationLandscapeRight";
				LD_RUNPATH_SEARCH_PATHS = (
					"$(inherited)",
					"@executable_path/Frameworks",
				);
				MARKETING_VERSION = 1.0;
				PRODUCT_BUNDLE_IDENTIFIER = booya.SwiftUIFundamentalProject;
				PRODUCT_NAME = "$(TARGET_NAME)";
				SWIFT_EMIT_LOC_STRINGS = YES;
				SWIFT_VERSION = 5.0;
				TARGETED_DEVICE_FAMILY = "1,2";
			};
			name = Debug;
		};
		C0D110212C8813F50054FDC6 /* Release */ = {
			isa = XCBuildConfiguration;
			buildSettings = {
				ASSETCATALOG_COMPILER_APPICON_NAME = AppIcon;
				ASSETCATALOG_COMPILER_GLOBAL_ACCENT_COLOR_NAME = AccentColor;
				CODE_SIGN_STYLE = Automatic;
				CURRENT_PROJECT_VERSION = 1;
				DEVELOPMENT_ASSET_PATHS = "\"SwiftUIFundamentalProject/Preview Content\"";
				DEVELOPMENT_TEAM = 45C3927649;
				ENABLE_PREVIEWS = YES;
				GENERATE_INFOPLIST_FILE = YES;
				INFOPLIST_KEY_UIApplicationSceneManifest_Generation = YES;
				INFOPLIST_KEY_UIApplicationSupportsIndirectInputEvents = YES;
				INFOPLIST_KEY_UILaunchScreen_Generation = YES;
				INFOPLIST_KEY_UISupportedInterfaceOrientations_iPad = "UIInterfaceOrientationPortrait UIInterfaceOrientationPortraitUpsideDown UIInterfaceOrientationLandscapeLeft UIInterfaceOrientationLandscapeRight";
				INFOPLIST_KEY_UISupportedInterfaceOrientations_iPhone = "UIInterfaceOrientationPortrait UIInterfaceOrientationLandscapeLeft UIInterfaceOrientationLandscapeRight";
				LD_RUNPATH_SEARCH_PATHS = (
					"$(inherited)",
					"@executable_path/Frameworks",
				);
				MARKETING_VERSION = 1.0;
				PRODUCT_BUNDLE_IDENTIFIER = booya.SwiftUIFundamentalProject;
				PRODUCT_NAME = "$(TARGET_NAME)";
				SWIFT_EMIT_LOC_STRINGS = YES;
				SWIFT_VERSION = 5.0;
				TARGETED_DEVICE_FAMILY = "1,2";
			};
			name = Release;
		};
/* End XCBuildConfiguration section */

/* Begin XCConfigurationList section */
		C0D1100C2C8813F40054FDC6 /* Build configuration list for PBXProject "SwiftUIFundamentalProject" */ = {
			isa = XCConfigurationList;
			buildConfigurations = (
				C0D1101D2C8813F50054FDC6 /* Debug */,
				C0D1101E2C8813F50054FDC6 /* Release */,
			);
			defaultConfigurationIsVisible = 0;
			defaultConfigurationName = Release;
		};
		C0D1101F2C8813F50054FDC6 /* Build configuration list for PBXNativeTarget "SwiftUIFundamentalProject" */ = {
			isa = XCConfigurationList;
			buildConfigurations = (
				C0D110202C8813F50054FDC6 /* Debug */,
				C0D110212C8813F50054FDC6 /* Release */,
			);
			defaultConfigurationIsVisible = 0;
			defaultConfigurationName = Release;
		};
/* End XCConfigurationList section */
	};
	rootObject = C0D110092C8813F40054FDC6 /* Project object */;
}
