// !$*UTF8*$!
{
	archiveVersion = 1;
	classes = {
	};
	objectVersion = 70;
	objects = {

/* Begin PBXBuildFile section */
		C0675A462CA7B6E200A52651 /* PeopleView.swift in Sources */ = {isa = PBXBuildFile; fileRef = C0675A452CA7B6E200A52651 /* PeopleView.swift */; };
		C07AF6962CA58E740055DB9B /* UserDetailsResponse.swift in Sources */ = {isa = PBXBuildFile; fileRef = C07AF6952CA58E740055DB9B /* UserDetailsResponse.swift */; };
		C07AF6982CA58ED10055DB9B /* UsersResponse.swift in Sources */ = {isa = PBXBuildFile; fileRef = C07AF6972CA58ED10055DB9B /* UsersResponse.swift */; };
		C080F6F42CABA5550024DEA2 /* DetailViewModel.swift in Sources */ = {isa = PBXBuildFile; fileRef = C080F6F32CABA5550024DEA2 /* DetailViewModel.swift */; };
		C080F6F62CABB3050024DEA2 /* CreateViewModel.swift in Sources */ = {isa = PBXBuildFile; fileRef = C080F6F52CABB3050024DEA2 /* CreateViewModel.swift */; };
		C080F6F82CABB7D00024DEA2 /* NewPerson.swift in Sources */ = {isa = PBXBuildFile; fileRef = C080F6F72CABB7D00024DEA2 /* NewPerson.swift */; };
		C080F70A2CAD4C800024DEA2 /* SettingsView.swift in Sources */ = {isa = PBXBuildFile; fileRef = C080F7092CAD4C800024DEA2 /* SettingsView.swift */; };
		C0D110152C8813F40054FDC6 /* SwiftUIFundamentalProjectApp.swift in Sources */ = {isa = PBXBuildFile; fileRef = C0D110142C8813F40054FDC6 /* SwiftUIFundamentalProjectApp.swift */; };
		C0D110172C8813F40054FDC6 /* ContentView.swift in Sources */ = {isa = PBXBuildFile; fileRef = C0D110162C8813F40054FDC6 /* ContentView.swift */; };
		C0D110192C8813F50054FDC6 /* Assets.xcassets in Resources */ = {isa = PBXBuildFile; fileRef = C0D110182C8813F50054FDC6 /* Assets.xcassets */; };
		C0D1101C2C8813F50054FDC6 /* Preview Assets.xcassets in Resources */ = {isa = PBXBuildFile; fileRef = C0D1101B2C8813F50054FDC6 /* Preview Assets.xcassets */; };
		C0EE9C0E2CAA5F0C00E175F9 /* PeopleItemView.swift in Sources */ = {isa = PBXBuildFile; fileRef = C0EE9C0D2CAA5F0C00E175F9 /* PeopleItemView.swift */; };
		C0EE9C132CAA7D5600E175F9 /* DetailView.swift in Sources */ = {isa = PBXBuildFile; fileRef = C0EE9C122CAA7D5600E175F9 /* DetailView.swift */; };
		C0EE9C152CAA9D1D00E175F9 /* CreateView.swift in Sources */ = {isa = PBXBuildFile; fileRef = C0EE9C142CAA9D1D00E175F9 /* CreateView.swift */; };
		C0EE9C1A2CAAD5BE00E175F9 /* PeopleViewModel.swift in Sources */ = {isa = PBXBuildFile; fileRef = C0EE9C192CAAD5BE00E175F9 /* PeopleViewModel.swift */; };
/* End PBXBuildFile section */

/* Begin PBXContainerItemProxy section */
		C05A37492CCFC29E0007E12D /* PBXContainerItemProxy */ = {
			isa = PBXContainerItemProxy;
			containerPortal = C0D110092C8813F40054FDC6 /* Project object */;
			proxyType = 1;
			remoteGlobalIDString = C0D110102C8813F40054FDC6;
			remoteInfo = SwiftUIFundamentalProject;
		};
/* End PBXContainerItemProxy section */

/* Begin PBXFileReference section */
		C00E68DD2C982282001F3748 /* Info.plist */ = {isa = PBXFileReference; lastKnownFileType = text.plist; path = Info.plist; sourceTree = "<group>"; };
		C05A37452CCFC29E0007E12D /* SwiftUIFundamentalProjectTests.xctest */ = {isa = PBXFileReference; explicitFileType = wrapper.cfbundle; includeInIndex = 0; path = SwiftUIFundamentalProjectTests.xctest; sourceTree = BUILT_PRODUCTS_DIR; };
		C0675A452CA7B6E200A52651 /* PeopleView.swift */ = {isa = PBXFileReference; lastKnownFileType = sourcecode.swift; path = PeopleView.swift; sourceTree = "<group>"; };
		C07AF6952CA58E740055DB9B /* UserDetailsResponse.swift */ = {isa = PBXFileReference; lastKnownFileType = sourcecode.swift; path = UserDetailsResponse.swift; sourceTree = "<group>"; };
		C07AF6972CA58ED10055DB9B /* UsersResponse.swift */ = {isa = PBXFileReference; lastKnownFileType = sourcecode.swift; path = UsersResponse.swift; sourceTree = "<group>"; };
		C080F6F32CABA5550024DEA2 /* DetailViewModel.swift */ = {isa = PBXFileReference; lastKnownFileType = sourcecode.swift; path = DetailViewModel.swift; sourceTree = "<group>"; };
		C080F6F52CABB3050024DEA2 /* CreateViewModel.swift */ = {isa = PBXFileReference; lastKnownFileType = sourcecode.swift; path = CreateViewModel.swift; sourceTree = "<group>"; };
		C080F6F72CABB7D00024DEA2 /* NewPerson.swift */ = {isa = PBXFileReference; lastKnownFileType = sourcecode.swift; path = NewPerson.swift; sourceTree = "<group>"; };
		C080F7092CAD4C800024DEA2 /* SettingsView.swift */ = {isa = PBXFileReference; lastKnownFileType = sourcecode.swift; path = SettingsView.swift; sourceTree = "<group>"; };
		C0D110112C8813F40054FDC6 /* SwiftUIFundamentalProject.app */ = {isa = PBXFileReference; explicitFileType = wrapper.application; includeInIndex = 0; path = SwiftUIFundamentalProject.app; sourceTree = BUILT_PRODUCTS_DIR; };
		C0D110142C8813F40054FDC6 /* SwiftUIFundamentalProjectApp.swift */ = {isa = PBXFileReference; lastKnownFileType = sourcecode.swift; path = SwiftUIFundamentalProjectApp.swift; sourceTree = "<group>"; };
		C0D110162C8813F40054FDC6 /* ContentView.swift */ = {isa = PBXFileReference; lastKnownFileType = sourcecode.swift; path = ContentView.swift; sourceTree = "<group>"; };
		C0D110182C8813F50054FDC6 /* Assets.xcassets */ = {isa = PBXFileReference; lastKnownFileType = folder.assetcatalog; path = Assets.xcassets; sourceTree = "<group>"; };
		C0D1101B2C8813F50054FDC6 /* Preview Assets.xcassets */ = {isa = PBXFileReference; lastKnownFileType = folder.assetcatalog; path = "Preview Assets.xcassets"; sourceTree = "<group>"; };
		C0EE9C0D2CAA5F0C00E175F9 /* PeopleItemView.swift */ = {isa = PBXFileReference; lastKnownFileType = sourcecode.swift; path = PeopleItemView.swift; sourceTree = "<group>"; };
		C0EE9C122CAA7D5600E175F9 /* DetailView.swift */ = {isa = PBXFileReference; lastKnownFileType = sourcecode.swift; path = DetailView.swift; sourceTree = "<group>"; };
		C0EE9C142CAA9D1D00E175F9 /* CreateView.swift */ = {isa = PBXFileReference; lastKnownFileType = sourcecode.swift; path = CreateView.swift; sourceTree = "<group>"; };
		C0EE9C192CAAD5BE00E175F9 /* PeopleViewModel.swift */ = {isa = PBXFileReference; lastKnownFileType = sourcecode.swift; path = PeopleViewModel.swift; sourceTree = "<group>"; };
/* End PBXFileReference section */

/* Begin PBXFileSystemSynchronizedRootGroup section */
		C05A37462CCFC29E0007E12D /* SwiftUIFundamentalProjectTests */ = {isa = PBXFileSystemSynchronizedRootGroup; explicitFileTypes = {}; explicitFolders = (); path = SwiftUIFundamentalProjectTests; sourceTree = "<group>"; };
		C07AF6AB2CA590860055DB9B /* Resources */ = {isa = PBXFileSystemSynchronizedRootGroup; explicitFileTypes = {}; explicitFolders = (); path = Resources; sourceTree = "<group>"; };
		C07AF6B12CA591230055DB9B /* Model */ = {isa = PBXFileSystemSynchronizedRootGroup; explicitFileTypes = {}; explicitFolders = (); path = Model; sourceTree = "<group>"; };
		C07AF6B52CA591900055DB9B /* Mapper */ = {isa = PBXFileSystemSynchronizedRootGroup; explicitFileTypes = {}; explicitFolders = (); path = Mapper; sourceTree = "<group>"; };
		C080F6FE2CAD2DE10024DEA2 /* Validator */ = {isa = PBXFileSystemSynchronizedRootGroup; explicitFileTypes = {}; explicitFolders = (); path = Validator; sourceTree = "<group>"; };
		C080F7012CAD42890024DEA2 /* UserDefaults */ = {isa = PBXFileSystemSynchronizedRootGroup; explicitFileTypes = {}; explicitFolders = (); path = UserDefaults; sourceTree = "<group>"; };
		C080F7042CAD4AB00024DEA2 /* Haptics */ = {isa = PBXFileSystemSynchronizedRootGroup; explicitFileTypes = {}; explicitFolders = (); path = Haptics; sourceTree = "<group>"; };
		C0EE9C0F2CAA603F00E175F9 /* Views */ = {isa = PBXFileSystemSynchronizedRootGroup; explicitFileTypes = {}; explicitFolders = (); path = Views; sourceTree = "<group>"; };
		C0EE9C162CAAAC3C00E175F9 /* API */ = {isa = PBXFileSystemSynchronizedRootGroup; explicitFileTypes = {}; explicitFolders = (); path = API; sourceTree = "<group>"; };
/* End PBXFileSystemSynchronizedRootGroup section */

/* Begin PBXFrameworksBuildPhase section */
		C05A37422CCFC29E0007E12D /* Frameworks */ = {
			isa = PBXFrameworksBuildPhase;
			buildActionMask = 2147483647;
			files = (
			);
			runOnlyForDeploymentPostprocessing = 0;
		};
		C0D1100E2C8813F40054FDC6 /* Frameworks */ = {
			isa = PBXFrameworksBuildPhase;
			buildActionMask = 2147483647;
			files = (
			);
			runOnlyForDeploymentPostprocessing = 0;
		};
/* End PBXFrameworksBuildPhase section */

/* Begin PBXGroup section */
		C0D110082C8813F40054FDC6 = {
			isa = PBXGroup;
			children = (
				C0D110132C8813F40054FDC6 /* SwiftUIFundamentalProject */,
				C05A37462CCFC29E0007E12D /* SwiftUIFundamentalProjectTests */,
				C0D110122C8813F40054FDC6 /* Products */,
			);
			sourceTree = "<group>";
		};
		C0D110122C8813F40054FDC6 /* Products */ = {
			isa = PBXGroup;
			children = (
				C0D110112C8813F40054FDC6 /* SwiftUIFundamentalProject.app */,
				C05A37452CCFC29E0007E12D /* SwiftUIFundamentalProjectTests.xctest */,
			);
			name = Products;
			sourceTree = "<group>";
		};
		C0D110132C8813F40054FDC6 /* SwiftUIFundamentalProject */ = {
			isa = PBXGroup;
			children = (
				C00E68DD2C982282001F3748 /* Info.plist */,
				C0D110292C8898CD0054FDC6 /* Features */,
				C0D110282C8898C40054FDC6 /* Base */,
				C07AF6AB2CA590860055DB9B /* Resources */,
				C0D110142C8813F40054FDC6 /* SwiftUIFundamentalProjectApp.swift */,
				C0D110162C8813F40054FDC6 /* ContentView.swift */,
				C0D110182C8813F50054FDC6 /* Assets.xcassets */,
				C0D1101A2C8813F50054FDC6 /* Preview Content */,
			);
			path = SwiftUIFundamentalProject;
			sourceTree = "<group>";
		};
		C0D1101A2C8813F50054FDC6 /* Preview Content */ = {
			isa = PBXGroup;
			children = (
				C0D1101B2C8813F50054FDC6 /* Preview Assets.xcassets */,
			);
			path = "Preview Content";
			sourceTree = "<group>";
		};
		C0D110282C8898C40054FDC6 /* Base */ = {
			isa = PBXGroup;
			children = (
				C080F7042CAD4AB00024DEA2 /* Haptics */,
				C080F7012CAD42890024DEA2 /* UserDefaults */,
				C0EE9C162CAAAC3C00E175F9 /* API */,
				C0EE9C0F2CAA603F00E175F9 /* Views */,
				C07AF6B52CA591900055DB9B /* Mapper */,
				C07AF6B12CA591230055DB9B /* Model */,
			);
			path = Base;
			sourceTree = "<group>";
		};
		C0D110292C8898CD0054FDC6 /* Features */ = {
			isa = PBXGroup;
			children = (
				C0D1102D2C88997F0054FDC6 /* Settings */,
				C0D1102C2C88996E0054FDC6 /* Create */,
				C0D1102B2C8899660054FDC6 /* Detail */,
				C0D1102A2C8898D30054FDC6 /* People */,
			);
			path = Features;
			sourceTree = "<group>";
		};
		C0D1102A2C8898D30054FDC6 /* People */ = {
			isa = PBXGroup;
			children = (
				C0D110302C8899900054FDC6 /* View Models */,
				C0D1102F2C88998D0054FDC6 /* Model */,
				C0D1102E2C8899860054FDC6 /* View */,
			);
			path = People;
			sourceTree = "<group>";
		};
		C0D1102B2C8899660054FDC6 /* Detail */ = {
			isa = PBXGroup;
			children = (
				C0D110332C8899A10054FDC6 /* View Models */,
				C0D110322C88999C0054FDC6 /* Model */,
				C0D110312C8899980054FDC6 /* View */,
			);
			path = Detail;
			sourceTree = "<group>";
		};
		C0D1102C2C88996E0054FDC6 /* Create */ = {
			isa = PBXGroup;
			children = (
				C080F6FE2CAD2DE10024DEA2 /* Validator */,
				C0D110362C8899B00054FDC6 /* View Models */,
				C0D110352C8899AC0054FDC6 /* Model */,
				C0D110342C8899A70054FDC6 /* View */,
			);
			path = Create;
			sourceTree = "<group>";
		};
		C0D1102D2C88997F0054FDC6 /* Settings */ = {
			isa = PBXGroup;
			children = (
				C0D110372C8899B60054FDC6 /* View */,
			);
			path = Settings;
			sourceTree = "<group>";
		};
		C0D1102E2C8899860054FDC6 /* View */ = {
			isa = PBXGroup;
			children = (
				C0675A452CA7B6E200A52651 /* PeopleView.swift */,
				C0EE9C0D2CAA5F0C00E175F9 /* PeopleItemView.swift */,
			);
			path = View;
			sourceTree = "<group>";
		};
		C0D1102F2C88998D0054FDC6 /* Model */ = {
			isa = PBXGroup;
			children = (
				C07AF6972CA58ED10055DB9B /* UsersResponse.swift */,
			);
			path = Model;
			sourceTree = "<group>";
		};
		C0D110302C8899900054FDC6 /* View Models */ = {
			isa = PBXGroup;
			children = (
				C0EE9C192CAAD5BE00E175F9 /* PeopleViewModel.swift */,
			);
			path = "View Models";
			sourceTree = "<group>";
		};
		C0D110312C8899980054FDC6 /* View */ = {
			isa = PBXGroup;
			children = (
				C0EE9C122CAA7D5600E175F9 /* DetailView.swift */,
			);
			path = View;
			sourceTree = "<group>";
		};
		C0D110322C88999C0054FDC6 /* Model */ = {
			isa = PBXGroup;
			children = (
				C07AF6952CA58E740055DB9B /* UserDetailsResponse.swift */,
			);
			path = Model;
			sourceTree = "<group>";
		};
		C0D110332C8899A10054FDC6 /* View Models */ = {
			isa = PBXGroup;
			children = (
				C080F6F32CABA5550024DEA2 /* DetailViewModel.swift */,
			);
			path = "View Models";
			sourceTree = "<group>";
		};
		C0D110342C8899A70054FDC6 /* View */ = {
			isa = PBXGroup;
			children = (
				C0EE9C142CAA9D1D00E175F9 /* CreateView.swift */,
			);
			path = View;
			sourceTree = "<group>";
		};
		C0D110352C8899AC0054FDC6 /* Model */ = {
			isa = PBXGroup;
			children = (
				C080F6F72CABB7D00024DEA2 /* NewPerson.swift */,
			);
			path = Model;
			sourceTree = "<group>";
		};
		C0D110362C8899B00054FDC6 /* View Models */ = {
			isa = PBXGroup;
			children = (
				C080F6F52CABB3050024DEA2 /* CreateViewModel.swift */,
			);
			path = "View Models";
			sourceTree = "<group>";
		};
		C0D110372C8899B60054FDC6 /* View */ = {
			isa = PBXGroup;
			children = (
				C080F7092CAD4C800024DEA2 /* SettingsView.swift */,
			);
			path = View;
			sourceTree = "<group>";
		};
/* End PBXGroup section */

/* Begin PBXNativeTarget section */
		C05A37442CCFC29E0007E12D /* SwiftUIFundamentalProjectTests */ = {
			isa = PBXNativeTarget;
			buildConfigurationList = C05A374D2CCFC29E0007E12D /* Build configuration list for PBXNativeTarget "SwiftUIFundamentalProjectTests" */;
			buildPhases = (
				C05A37412CCFC29E0007E12D /* Sources */,
				C05A37422CCFC29E0007E12D /* Frameworks */,
				C05A37432CCFC29E0007E12D /* Resources */,
			);
			buildRules = (
			);
			dependencies = (
				C05A374A2CCFC29E0007E12D /* PBXTargetDependency */,
			);
			fileSystemSynchronizedGroups = (
				C05A37462CCFC29E0007E12D /* SwiftUIFundamentalProjectTests */,
			);
			name = SwiftUIFundamentalProjectTests;
			packageProductDependencies = (
			);
			productName = SwiftUIFundamentalProjectTests;
			productReference = C05A37452CCFC29E0007E12D /* SwiftUIFundamentalProjectTests.xctest */;
			productType = "com.apple.product-type.bundle.unit-test";
		};
		C0D110102C8813F40054FDC6 /* SwiftUIFundamentalProject */ = {
			isa = PBXNativeTarget;
			buildConfigurationList = C0D1101F2C8813F50054FDC6 /* Build configuration list for PBXNativeTarget "SwiftUIFundamentalProject" */;
			buildPhases = (
				C0D1100D2C8813F40054FDC6 /* Sources */,
				C0D1100E2C8813F40054FDC6 /* Frameworks */,
				C0D1100F2C8813F40054FDC6 /* Resources */,
			);
			buildRules = (
			);
			dependencies = (
			);
			fileSystemSynchronizedGroups = (
				C07AF6AB2CA590860055DB9B /* Resources */,
				C07AF6B12CA591230055DB9B /* Model */,
				C07AF6B52CA591900055DB9B /* Mapper */,
				C080F6FE2CAD2DE10024DEA2 /* Validator */,
				C080F7012CAD42890024DEA2 /* UserDefaults */,
				C080F7042CAD4AB00024DEA2 /* Haptics */,
				C0EE9C0F2CAA603F00E175F9 /* Views */,
				C0EE9C162CAAAC3C00E175F9 /* API */,
			);
			name = SwiftUIFundamentalProject;
			productName = SwiftUIFundamentalProject;
			productReference = C0D110112C8813F40054FDC6 /* SwiftUIFundamentalProject.app */;
			productType = "com.apple.product-type.application";
		};
/* End PBXNativeTarget section */

/* Begin PBXProject section */
		C0D110092C8813F40054FDC6 /* Project object */ = {
			isa = PBXProject;
			attributes = {
				BuildIndependentTargetsInParallel = 1;
				LastSwiftUpdateCheck = 1600;
				LastUpgradeCheck = 1540;
				TargetAttributes = {
					C05A37442CCFC29E0007E12D = {
						CreatedOnToolsVersion = 16.0;
						TestTargetID = C0D110102C8813F40054FDC6;
					};
					C0D110102C8813F40054FDC6 = {
						CreatedOnToolsVersion = 15.4;
					};
				};
			};
			buildConfigurationList = C0D1100C2C8813F40054FDC6 /* Build configuration list for PBXProject "SwiftUIFundamentalProject" */;
			compatibilityVersion = "Xcode 14.0";
			developmentRegion = en;
			hasScannedForEncodings = 0;
			knownRegions = (
				en,
				Base,
			);
			mainGroup = C0D110082C8813F40054FDC6;
			productRefGroup = C0D110122C8813F40054FDC6 /* Products */;
			projectDirPath = "";
			projectRoot = "";
			targets = (
				C0D110102C8813F40054FDC6 /* SwiftUIFundamentalProject */,
				C05A37442CCFC29E0007E12D /* SwiftUIFundamentalProjectTests */,
			);
		};
/* End PBXProject section */

/* Begin PBXResourcesBuildPhase section */
		C05A37432CCFC29E0007E12D /* Resources */ = {
			isa = PBXResourcesBuildPhase;
			buildActionMask = 2147483647;
			files = (
			);
			runOnlyForDeploymentPostprocessing = 0;
		};
		C0D1100F2C8813F40054FDC6 /* Resources */ = {
			isa = PBXResourcesBuildPhase;
			buildActionMask = 2147483647;
			files = (
				C0D1101C2C8813F50054FDC6 /* Preview Assets.xcassets in Resources */,
				C0D110192C8813F50054FDC6 /* Assets.xcassets in Resources */,
			);
			runOnlyForDeploymentPostprocessing = 0;
		};
/* End PBXResourcesBuildPhase section */

/* Begin PBXSourcesBuildPhase section */
		C05A37412CCFC29E0007E12D /* Sources */ = {
			isa = PBXSourcesBuildPhase;
			buildActionMask = 2147483647;
			files = (
			);
			runOnlyForDeploymentPostprocessing = 0;
		};
		C0D1100D2C8813F40054FDC6 /* Sources */ = {
			isa = PBXSourcesBuildPhase;
			buildActionMask = 2147483647;
			files = (
				C0EE9C0E2CAA5F0C00E175F9 /* PeopleItemView.swift in Sources */,
				C080F70A2CAD4C800024DEA2 /* SettingsView.swift in Sources */,
				C080F6F62CABB3050024DEA2 /* CreateViewModel.swift in Sources */,
				C0EE9C132CAA7D5600E175F9 /* DetailView.swift in Sources */,
				C080F6F82CABB7D00024DEA2 /* NewPerson.swift in Sources */,
				C07AF6962CA58E740055DB9B /* UserDetailsResponse.swift in Sources */,
				C0D110172C8813F40054FDC6 /* ContentView.swift in Sources */,
				C0EE9C152CAA9D1D00E175F9 /* CreateView.swift in Sources */,
				C0675A462CA7B6E200A52651 /* PeopleView.swift in Sources */,
				C0D110152C8813F40054FDC6 /* SwiftUIFundamentalProjectApp.swift in Sources */,
				C07AF6982CA58ED10055DB9B /* UsersResponse.swift in Sources */,
				C0EE9C1A2CAAD5BE00E175F9 /* PeopleViewModel.swift in Sources */,
				C080F6F42CABA5550024DEA2 /* DetailViewModel.swift in Sources */,
			);
			runOnlyForDeploymentPostprocessing = 0;
		};
/* End PBXSourcesBuildPhase section */

/* Begin PBXTargetDependency section */
		C05A374A2CCFC29E0007E12D /* PBXTargetDependency */ = {
			isa = PBXTargetDependency;
			target = C0D110102C8813F40054FDC6 /* SwiftUIFundamentalProject */;
			targetProxy = C05A37492CCFC29E0007E12D /* PBXContainerItemProxy */;
		};
/* End PBXTargetDependency section */

/* Begin XCBuildConfiguration section */
		C05A374B2CCFC29E0007E12D /* Debug */ = {
			isa = XCBuildConfiguration;
			buildSettings = {
				BUNDLE_LOADER = "$(TEST_HOST)";
				CODE_SIGN_STYLE = Automatic;
				CURRENT_PROJECT_VERSION = 1;
				DEVELOPMENT_TEAM = 45C3927649;
				GENERATE_INFOPLIST_FILE = YES;
				IPHONEOS_DEPLOYMENT_TARGET = 18.0;
				MARKETING_VERSION = 1.0;
				PRODUCT_BUNDLE_IDENTIFIER = booya.SwiftUIFundamentalProjectTests;
				PRODUCT_NAME = "$(TARGET_NAME)";
				SWIFT_EMIT_LOC_STRINGS = NO;
				SWIFT_VERSION = 5.0;
				TARGETED_DEVICE_FAMILY = "1,2";
				TEST_HOST = "$(BUILT_PRODUCTS_DIR)/SwiftUIFundamentalProject.app/$(BUNDLE_EXECUTABLE_FOLDER_PATH)/SwiftUIFundamentalProject";
			};
			name = Debug;
		};
		C05A374C2CCFC29E0007E12D /* Release */ = {
			isa = XCBuildConfiguration;
			buildSettings = {
				BUNDLE_LOADER = "$(TEST_HOST)";
				CODE_SIGN_STYLE = Automatic;
				CURRENT_PROJECT_VERSION = 1;
				DEVELOPMENT_TEAM = 45C3927649;
				GENERATE_INFOPLIST_FILE = YES;
				IPHONEOS_DEPLOYMENT_TARGET = 18.0;
				MARKETING_VERSION = 1.0;
				PRODUCT_BUNDLE_IDENTIFIER = booya.SwiftUIFundamentalProjectTests;
				PRODUCT_NAME = "$(TARGET_NAME)";
				SWIFT_EMIT_LOC_STRINGS = NO;
				SWIFT_VERSION = 5.0;
				TARGETED_DEVICE_FAMILY = "1,2";
				TEST_HOST = "$(BUILT_PRODUCTS_DIR)/SwiftUIFundamentalProject.app/$(BUNDLE_EXECUTABLE_FOLDER_PATH)/SwiftUIFundamentalProject";
			};
			name = Release;
		};
		C0D1101D2C8813F50054FDC6 /* Debug */ = {
			isa = XCBuildConfiguration;
			buildSettings = {
				ALWAYS_SEARCH_USER_PATHS = NO;
				ASSETCATALOG_COMPILER_GENERATE_SWIFT_ASSET_SYMBOL_EXTENSIONS = YES;
				CLANG_ANALYZER_NONNULL = YES;
				CLANG_ANALYZER_NUMBER_OBJECT_CONVERSION = YES_AGGRESSIVE;
				CLANG_CXX_LANGUAGE_STANDARD = "gnu++20";
				CLANG_ENABLE_MODULES = YES;
				CLANG_ENABLE_OBJC_ARC = YES;
				CLANG_ENABLE_OBJC_WEAK = YES;
				CLANG_WARN_BLOCK_CAPTURE_AUTORELEASING = YES;
				CLANG_WARN_BOOL_CONVERSION = YES;
				CLANG_WARN_COMMA = YES;
				CLANG_WARN_CONSTANT_CONVERSION = YES;
				CLANG_WARN_DEPRECATED_OBJC_IMPLEMENTATIONS = YES;
				CLANG_WARN_DIRECT_OBJC_ISA_USAGE = YES_ERROR;
				CLANG_WARN_DOCUMENTATION_COMMENTS = YES;
				CLANG_WARN_EMPTY_BODY = YES;
				CLANG_WARN_ENUM_CONVERSION = YES;
				CLANG_WARN_INFINITE_RECURSION = YES;
				CLANG_WARN_INT_CONVERSION = YES;
				CLANG_WARN_NON_LITERAL_NULL_CONVERSION = YES;
				CLANG_WARN_OBJC_IMPLICIT_RETAIN_SELF = YES;
				CLANG_WARN_OBJC_LITERAL_CONVERSION = YES;
				CLANG_WARN_OBJC_ROOT_CLASS = YES_ERROR;
				CLANG_WARN_QUOTED_INCLUDE_IN_FRAMEWORK_HEADER = YES;
				CLANG_WARN_RANGE_LOOP_ANALYSIS = YES;
				CLANG_WARN_STRICT_PROTOTYPES = YES;
				CLANG_WARN_SUSPICIOUS_MOVE = YES;
				CLANG_WARN_UNGUARDED_AVAILABILITY = YES_AGGRESSIVE;
				CLANG_WARN_UNREACHABLE_CODE = YES;
				CLANG_WARN__DUPLICATE_METHOD_MATCH = YES;
				COPY_PHASE_STRIP = NO;
				DEBUG_INFORMATION_FORMAT = dwarf;
				ENABLE_STRICT_OBJC_MSGSEND = YES;
				ENABLE_TESTABILITY = YES;
				ENABLE_USER_SCRIPT_SANDBOXING = YES;
				GCC_C_LANGUAGE_STANDARD = gnu17;
				GCC_DYNAMIC_NO_PIC = NO;
				GCC_NO_COMMON_BLOCKS = YES;
				GCC_OPTIMIZATION_LEVEL = 0;
				GCC_PREPROCESSOR_DEFINITIONS = (
					"DEBUG=1",
					"$(inherited)",
				);
				GCC_WARN_64_TO_32_BIT_CONVERSION = YES;
				GCC_WARN_ABOUT_RETURN_TYPE = YES_ERROR;
				GCC_WARN_UNDECLARED_SELECTOR = YES;
				GCC_WARN_UNINITIALIZED_AUTOS = YES_AGGRESSIVE;
				GCC_WARN_UNUSED_FUNCTION = YES;
				GCC_WARN_UNUSED_VARIABLE = YES;
				IPHONEOS_DEPLOYMENT_TARGET = 17.5;
				LOCALIZATION_PREFERS_STRING_CATALOGS = YES;
				MTL_ENABLE_DEBUG_INFO = INCLUDE_SOURCE;
				MTL_FAST_MATH = YES;
				ONLY_ACTIVE_ARCH = YES;
				SDKROOT = iphoneos;
				SWIFT_ACTIVE_COMPILATION_CONDITIONS = "DEBUG $(inherited)";
				SWIFT_OPTIMIZATION_LEVEL = "-Onone";
			};
			name = Debug;
		};
		C0D1101E2C8813F50054FDC6 /* Release */ = {
			isa = XCBuildConfiguration;
			buildSettings = {
				ALWAYS_SEARCH_USER_PATHS = NO;
				ASSETCATALOG_COMPILER_GENERATE_SWIFT_ASSET_SYMBOL_EXTENSIONS = YES;
				CLANG_ANALYZER_NONNULL = YES;
				CLANG_ANALYZER_NUMBER_OBJECT_CONVERSION = YES_AGGRESSIVE;
				CLANG_CXX_LANGUAGE_STANDARD = "gnu++20";
				CLANG_ENABLE_MODULES = YES;
				CLANG_ENABLE_OBJC_ARC = YES;
				CLANG_ENABLE_OBJC_WEAK = YES;
				CLANG_WARN_BLOCK_CAPTURE_AUTORELEASING = YES;
				CLANG_WARN_BOOL_CONVERSION = YES;
				CLANG_WARN_COMMA = YES;
				CLANG_WARN_CONSTANT_CONVERSION = YES;
				CLANG_WARN_DEPRECATED_OBJC_IMPLEMENTATIONS = YES;
				CLANG_WARN_DIRECT_OBJC_ISA_USAGE = YES_ERROR;
				CLANG_WARN_DOCUMENTATION_COMMENTS = YES;
				CLANG_WARN_EMPTY_BODY = YES;
				CLANG_WARN_ENUM_CONVERSION = YES;
				CLANG_WARN_INFINITE_RECURSION = YES;
				CLANG_WARN_INT_CONVERSION = YES;
				CLANG_WARN_NON_LITERAL_NULL_CONVERSION = YES;
				CLANG_WARN_OBJC_IMPLICIT_RETAIN_SELF = YES;
				CLANG_WARN_OBJC_LITERAL_CONVERSION = YES;
				CLANG_WARN_OBJC_ROOT_CLASS = YES_ERROR;
				CLANG_WARN_QUOTED_INCLUDE_IN_FRAMEWORK_HEADER = YES;
				CLANG_WARN_RANGE_LOOP_ANALYSIS = YES;
				CLANG_WARN_STRICT_PROTOTYPES = YES;
				CLANG_WARN_SUSPICIOUS_MOVE = YES;
				CLANG_WARN_UNGUARDED_AVAILABILITY = YES_AGGRESSIVE;
				CLANG_WARN_UNREACHABLE_CODE = YES;
				CLANG_WARN__DUPLICATE_METHOD_MATCH = YES;
				COPY_PHASE_STRIP = NO;
				DEBUG_INFORMATION_FORMAT = "dwarf-with-dsym";
				ENABLE_NS_ASSERTIONS = NO;
				ENABLE_STRICT_OBJC_MSGSEND = YES;
				ENABLE_USER_SCRIPT_SANDBOXING = YES;
				GCC_C_LANGUAGE_STANDARD = gnu17;
				GCC_NO_COMMON_BLOCKS = YES;
				GCC_WARN_64_TO_32_BIT_CONVERSION = YES;
				GCC_WARN_ABOUT_RETURN_TYPE = YES_ERROR;
				GCC_WARN_UNDECLARED_SELECTOR = YES;
				GCC_WARN_UNINITIALIZED_AUTOS = YES_AGGRESSIVE;
				GCC_WARN_UNUSED_FUNCTION = YES;
				GCC_WARN_UNUSED_VARIABLE = YES;
				IPHONEOS_DEPLOYMENT_TARGET = 17.5;
				LOCALIZATION_PREFERS_STRING_CATALOGS = YES;
				MTL_ENABLE_DEBUG_INFO = NO;
				MTL_FAST_MATH = YES;
				SDKROOT = iphoneos;
				SWIFT_COMPILATION_MODE = wholemodule;
				VALIDATE_PRODUCT = YES;
			};
			name = Release;
		};
		C0D110202C8813F50054FDC6 /* Debug */ = {
			isa = XCBuildConfiguration;
			buildSettings = {
				ASSETCATALOG_COMPILER_APPICON_NAME = AppIcon;
				ASSETCATALOG_COMPILER_GLOBAL_ACCENT_COLOR_NAME = AccentColor;
				CODE_SIGN_STYLE = Automatic;
				CURRENT_PROJECT_VERSION = 1;
				DEVELOPMENT_ASSET_PATHS = "\"SwiftUIFundamentalProject/Preview Content\"";
				DEVELOPMENT_TEAM = 45C3927649;
				ENABLE_PREVIEWS = YES;
				GENERATE_INFOPLIST_FILE = YES;
				INFOPLIST_FILE = SwiftUIFundamentalProject/Info.plist;
				INFOPLIST_KEY_UIApplicationSceneManifest_Generation = YES;
				INFOPLIST_KEY_UIApplicationSupportsIndirectInputEvents = YES;
				INFOPLIST_KEY_UISupportedInterfaceOrientations_iPad = "UIInterfaceOrientationPortrait UIInterfaceOrientationPortraitUpsideDown UIInterfaceOrientationLandscapeLeft UIInterfaceOrientationLandscapeRight";
				INFOPLIST_KEY_UISupportedInterfaceOrientations_iPhone = "UIInterfaceOrientationPortrait UIInterfaceOrientationLandscapeLeft UIInterfaceOrientationLandscapeRight";
				IPHONEOS_DEPLOYMENT_TARGET = 17.0;
				LD_RUNPATH_SEARCH_PATHS = (
					"$(inherited)",
					"@executable_path/Frameworks",
				);
				MARKETING_VERSION = 1.0;
				PRODUCT_BUNDLE_IDENTIFIER = booya.SwiftUIFundamentalProject;
				PRODUCT_NAME = "$(TARGET_NAME)";
				SWIFT_EMIT_LOC_STRINGS = YES;
				SWIFT_VERSION = 5.0;
				TARGETED_DEVICE_FAMILY = "1,2";
			};
			name = Debug;
		};
		C0D110212C8813F50054FDC6 /* Release */ = {
			isa = XCBuildConfiguration;
			buildSettings = {
				ASSETCATALOG_COMPILER_APPICON_NAME = AppIcon;
				ASSETCATALOG_COMPILER_GLOBAL_ACCENT_COLOR_NAME = AccentColor;
				CODE_SIGN_STYLE = Automatic;
				CURRENT_PROJECT_VERSION = 1;
				DEVELOPMENT_ASSET_PATHS = "\"SwiftUIFundamentalProject/Preview Content\"";
				DEVELOPMENT_TEAM = 45C3927649;
				ENABLE_PREVIEWS = YES;
				GENERATE_INFOPLIST_FILE = YES;
				INFOPLIST_FILE = SwiftUIFundamentalProject/Info.plist;
				INFOPLIST_KEY_UIApplicationSceneManifest_Generation = YES;
				INFOPLIST_KEY_UIApplicationSupportsIndirectInputEvents = YES;
				INFOPLIST_KEY_UISupportedInterfaceOrientations_iPad = "UIInterfaceOrientationPortrait UIInterfaceOrientationPortraitUpsideDown UIInterfaceOrientationLandscapeLeft UIInterfaceOrientationLandscapeRight";
				INFOPLIST_KEY_UISupportedInterfaceOrientations_iPhone = "UIInterfaceOrientationPortrait UIInterfaceOrientationLandscapeLeft UIInterfaceOrientationLandscapeRight";
				IPHONEOS_DEPLOYMENT_TARGET = 17.0;
				LD_RUNPATH_SEARCH_PATHS = (
					"$(inherited)",
					"@executable_path/Frameworks",
				);
				MARKETING_VERSION = 1.0;
				PRODUCT_BUNDLE_IDENTIFIER = booya.SwiftUIFundamentalProject;
				PRODUCT_NAME = "$(TARGET_NAME)";
				SWIFT_EMIT_LOC_STRINGS = YES;
				SWIFT_VERSION = 5.0;
				TARGETED_DEVICE_FAMILY = "1,2";
			};
			name = Release;
		};
/* End XCBuildConfiguration section */

/* Begin XCConfigurationList section */
		C05A374D2CCFC29E0007E12D /* Build configuration list for PBXNativeTarget "SwiftUIFundamentalProjectTests" */ = {
			isa = XCConfigurationList;
			buildConfigurations = (
				C05A374B2CCFC29E0007E12D /* Debug */,
				C05A374C2CCFC29E0007E12D /* Release */,
			);
			defaultConfigurationIsVisible = 0;
			defaultConfigurationName = Release;
		};
		C0D1100C2C8813F40054FDC6 /* Build configuration list for PBXProject "SwiftUIFundamentalProject" */ = {
			isa = XCConfigurationList;
			buildConfigurations = (
				C0D1101D2C8813F50054FDC6 /* Debug */,
				C0D1101E2C8813F50054FDC6 /* Release */,
			);
			defaultConfigurationIsVisible = 0;
			defaultConfigurationName = Release;
		};
		C0D1101F2C8813F50054FDC6 /* Build configuration list for PBXNativeTarget "SwiftUIFundamentalProject" */ = {
			isa = XCConfigurationList;
			buildConfigurations = (
				C0D110202C8813F50054FDC6 /* Debug */,
				C0D110212C8813F50054FDC6 /* Release */,
			);
			defaultConfigurationIsVisible = 0;
			defaultConfigurationName = Release;
		};
/* End XCConfigurationList section */
	};
	rootObject = C0D110092C8813F40054FDC6 /* Project object */;
}
